{
  "name": "njfile",
  "version": "1.2.1",
  "lockfileVersion": 2,
  "requires": true,
  "packages": {
    "": {
      "name": "njfile",
      "version": "1.2.1",
      "license": "ISC",
      "dependencies": {
        "njsuper": "^1.0.1"
      }
    },
    "node_modules/njsuper": {
      "version": "1.0.2",
      "resolved": "https://registry.npmjs.org/njsuper/-/njsuper-1.0.2.tgz",
      "integrity": "sha512-RU4C5jUzd0daEyFHtiCsXo9kjG5PYO/negNR9dCkosCeZSxjPZ9du5VciiuD7TO1gddRYVCX/1pXC+E5ZSOiFg=="
    }
  },
  "dependencies": {
    "njsuper": {
      "version": "1.0.2",
      "resolved": "https://registry.npmjs.org/njsuper/-/njsuper-1.0.2.tgz",
      "integrity": "sha512-RU4C5jUzd0daEyFHtiCsXo9kjG5PYO/negNR9dCkosCeZSxjPZ9du5VciiuD7TO1gddRYVCX/1pXC+E5ZSOiFg=="
    }
  }
}
